
Microsoft Visual Studio Solution File, Format Version 12.00
# Visual Studio Version 17
VisualStudioVersion = 17.12.35514.174 d17.12
MinimumVisualStudioVersion = 10.0.40219.1
Project("{FAE04EC0-301F-11D3-BF4B-00C04F79EFBC}") = "Vendor.Web", "Vendor.Web\Vendor.Web.csproj", "{103F003B-1121-4B96-B7EB-2FDDC557D239}"
EndProject
Project("{FAE04EC0-301F-11D3-BF4B-00C04F79EFBC}") = "Vendor.Data", "Vendor.Data\Vendor.Data.csproj", "{00A37BA0-8B09-40E0-B98B-684EFAD36D5A}"
EndProject
Project("{FAE04EC0-301F-11D3-BF4B-00C04F79EFBC}") = "Vendor.Infrastructure", "Vendor.Infrastructure\Vendor.Infrastructure.csproj", "{7FBD92FE-A333-40E1-A666-D54EE26827FC}"
EndProject
Global
	GlobalSection(SolutionConfigurationPlatforms) = preSolution
		Debug|Any CPU = Debug|Any CPU
		Release|Any CPU = Release|Any CPU
	EndGlobalSection
	GlobalSection(ProjectConfigurationPlatforms) = postSolution
		{103F003B-1121-4B96-B7EB-2FDDC557D239}.Debug|Any CPU.ActiveCfg = Debug|Any CPU
		{103F003B-1121-4B96-B7EB-2FDDC557D239}.Debug|Any CPU.Build.0 = Debug|Any CPU
		{103F003B-1121-4B96-B7EB-2FDDC557D239}.Release|Any CPU.ActiveCfg = Release|Any CPU
		{103F003B-1121-4B96-B7EB-2FDDC557D239}.Release|Any CPU.Build.0 = Release|Any CPU
		{00A37BA0-8B09-40E0-B98B-684EFAD36D5A}.Debug|Any CPU.ActiveCfg = Debug|Any CPU
		{00A37BA0-8B09-40E0-B98B-684EFAD36D5A}.Debug|Any CPU.Build.0 = Debug|Any CPU
		{00A37BA0-8B09-40E0-B98B-684EFAD36D5A}.Release|Any CPU.ActiveCfg = Release|Any CPU
		{00A37BA0-8B09-40E0-B98B-684EFAD36D5A}.Release|Any CPU.Build.0 = Release|Any CPU
		{7FBD92FE-A333-40E1-A666-D54EE26827FC}.Debug|Any CPU.ActiveCfg = Debug|Any CPU
		{7FBD92FE-A333-40E1-A666-D54EE26827FC}.Debug|Any CPU.Build.0 = Debug|Any CPU
		{7FBD92FE-A333-40E1-A666-D54EE26827FC}.Release|Any CPU.ActiveCfg = Release|Any CPU
		{7FBD92FE-A333-40E1-A666-D54EE26827FC}.Release|Any CPU.Build.0 = Release|Any CPU
	EndGlobalSection
	GlobalSection(SolutionProperties) = preSolution
		HideSolutionNode = FALSE
	EndGlobalSection
EndGlobal
